
Microsoft Visual Studio Solution File, Format Version 12.00
# Visual Studio 14
VisualStudioVersion = 14.0.25420.1
MinimumVisualStudioVersion = 10.0.40219.1
Project("{FAE04EC0-301F-11D3-BF4B-00C04F79EFBC}") = "TestApp", "TestApp\TestApp\TestApp.csproj", "{E3F7BC4C-C2D3-4DF6-81E1-A5D6A85F5F5C}"
EndProject
Project("{FAE04EC0-301F-11D3-BF4B-00C04F79EFBC}") = "TestApp.Droid", "TestApp\TestApp.Droid\TestApp.Droid.csproj", "{56CE8EEF-F7F1-43F4-A3E4-68BE422610C4}"
EndProject
Project("{FAE04EC0-301F-11D3-BF4B-00C04F79EFBC}") = "TestApp.iOS", "TestApp\TestApp.iOS\TestApp.iOS.csproj", "{DA34FABF-77C2-43CA-9283-C962AA1FD457}"
EndProject
Project("{FAE04EC0-301F-11D3-BF4B-00C04F79EFBC}") = "TestApp.WinPhone", "TestApp\TestApp.WinPhone\TestApp.WinPhone.csproj", "{98633D4A-1073-47DC-B999-322DE17FAC96}"
EndProject
Project("{FAE04EC0-301F-11D3-BF4B-00C04F79EFBC}") = "TestApp.UWP", "TestApp\TestApp.UWP\TestApp.UWP.csproj", "{940DCF75-6887-4A8C-8C1F-2CC6CAEA9FBC}"
EndProject
Project("{FAE04EC0-301F-11D3-BF4B-00C04F79EFBC}") = "TestApp.Windows", "TestApp\TestApp.Windows\TestApp.Windows.csproj", "{07EF427E-204A-434E-B4ED-A0EB6114F481}"
EndProject
Global
	GlobalSection(SolutionConfigurationPlatforms) = preSolution
		Ad-Hoc|Any CPU = Ad-Hoc|Any CPU
		Ad-Hoc|ARM = Ad-Hoc|ARM
		Ad-Hoc|iPhone = Ad-Hoc|iPhone
		Ad-Hoc|iPhoneSimulator = Ad-Hoc|iPhoneSimulator
		Ad-Hoc|x64 = Ad-Hoc|x64
		Ad-Hoc|x86 = Ad-Hoc|x86
		AppStore|Any CPU = AppStore|Any CPU
		AppStore|ARM = AppStore|ARM
		AppStore|iPhone = AppStore|iPhone
		AppStore|iPhoneSimulator = AppStore|iPhoneSimulator
		AppStore|x64 = AppStore|x64
		AppStore|x86 = AppStore|x86
		Debug|Any CPU = Debug|Any CPU
		Debug|ARM = Debug|ARM
		Debug|iPhone = Debug|iPhone
		Debug|iPhoneSimulator = Debug|iPhoneSimulator
		Debug|x64 = Debug|x64
		Debug|x86 = Debug|x86
		Release|Any CPU = Release|Any CPU
		Release|ARM = Release|ARM
		Release|iPhone = Release|iPhone
		Release|iPhoneSimulator = Release|iPhoneSimulator
		Release|x64 = Release|x64
		Release|x86 = Release|x86
	EndGlobalSection
	GlobalSection(ProjectConfigurationPlatforms) = postSolution
		{E3F7BC4C-C2D3-4DF6-81E1-A5D6A85F5F5C}.Ad-Hoc|Any CPU.ActiveCfg = Release|Any CPU
		{E3F7BC4C-C2D3-4DF6-81E1-A5D6A85F5F5C}.Ad-Hoc|Any CPU.Build.0 = Release|Any CPU
		{E3F7BC4C-C2D3-4DF6-81E1-A5D6A85F5F5C}.Ad-Hoc|ARM.ActiveCfg = Release|Any CPU
		{E3F7BC4C-C2D3-4DF6-81E1-A5D6A85F5F5C}.Ad-Hoc|ARM.Build.0 = Release|Any CPU
		{E3F7BC4C-C2D3-4DF6-81E1-A5D6A85F5F5C}.Ad-Hoc|iPhone.ActiveCfg = Release|Any CPU
		{E3F7BC4C-C2D3-4DF6-81E1-A5D6A85F5F5C}.Ad-Hoc|iPhone.Build.0 = Release|Any CPU
		{E3F7BC4C-C2D3-4DF6-81E1-A5D6A85F5F5C}.Ad-Hoc|iPhoneSimulator.ActiveCfg = Release|Any CPU
		{E3F7BC4C-C2D3-4DF6-81E1-A5D6A85F5F5C}.Ad-Hoc|iPhoneSimulator.Build.0 = Release|Any CPU
		{E3F7BC4C-C2D3-4DF6-81E1-A5D6A85F5F5C}.Ad-Hoc|x64.ActiveCfg = Release|Any CPU
		{E3F7BC4C-C2D3-4DF6-81E1-A5D6A85F5F5C}.Ad-Hoc|x64.Build.0 = Release|Any CPU
		{E3F7BC4C-C2D3-4DF6-81E1-A5D6A85F5F5C}.Ad-Hoc|x86.ActiveCfg = Release|Any CPU
		{E3F7BC4C-C2D3-4DF6-81E1-A5D6A85F5F5C}.Ad-Hoc|x86.Build.0 = Release|Any CPU
		{E3F7BC4C-C2D3-4DF6-81E1-A5D6A85F5F5C}.AppStore|Any CPU.ActiveCfg = Release|Any CPU
		{E3F7BC4C-C2D3-4DF6-81E1-A5D6A85F5F5C}.AppStore|Any CPU.Build.0 = Release|Any CPU
		{E3F7BC4C-C2D3-4DF6-81E1-A5D6A85F5F5C}.AppStore|ARM.ActiveCfg = Release|Any CPU
		{E3F7BC4C-C2D3-4DF6-81E1-A5D6A85F5F5C}.AppStore|ARM.Build.0 = Release|Any CPU
		{E3F7BC4C-C2D3-4DF6-81E1-A5D6A85F5F5C}.AppStore|iPhone.ActiveCfg = Release|Any CPU
		{E3F7BC4C-C2D3-4DF6-81E1-A5D6A85F5F5C}.AppStore|iPhone.Build.0 = Release|Any CPU
		{E3F7BC4C-C2D3-4DF6-81E1-A5D6A85F5F5C}.AppStore|iPhoneSimulator.ActiveCfg = Release|Any CPU
		{E3F7BC4C-C2D3-4DF6-81E1-A5D6A85F5F5C}.AppStore|iPhoneSimulator.Build.0 = Release|Any CPU
		{E3F7BC4C-C2D3-4DF6-81E1-A5D6A85F5F5C}.AppStore|x64.ActiveCfg = Release|Any CPU
		{E3F7BC4C-C2D3-4DF6-81E1-A5D6A85F5F5C}.AppStore|x64.Build.0 = Release|Any CPU
		{E3F7BC4C-C2D3-4DF6-81E1-A5D6A85F5F5C}.AppStore|x86.ActiveCfg = Release|Any CPU
		{E3F7BC4C-C2D3-4DF6-81E1-A5D6A85F5F5C}.AppStore|x86.Build.0 = Release|Any CPU
		{E3F7BC4C-C2D3-4DF6-81E1-A5D6A85F5F5C}.Debug|Any CPU.ActiveCfg = Debug|Any CPU
		{E3F7BC4C-C2D3-4DF6-81E1-A5D6A85F5F5C}.Debug|Any CPU.Build.0 = Debug|Any CPU
		{E3F7BC4C-C2D3-4DF6-81E1-A5D6A85F5F5C}.Debug|ARM.ActiveCfg = Debug|Any CPU
		{E3F7BC4C-C2D3-4DF6-81E1-A5D6A85F5F5C}.Debug|ARM.Build.0 = Debug|Any CPU
		{E3F7BC4C-C2D3-4DF6-81E1-A5D6A85F5F5C}.Debug|iPhone.ActiveCfg = Debug|Any CPU
		{E3F7BC4C-C2D3-4DF6-81E1-A5D6A85F5F5C}.Debug|iPhone.Build.0 = Debug|Any CPU
		{E3F7BC4C-C2D3-4DF6-81E1-A5D6A85F5F5C}.Debug|iPhoneSimulator.ActiveCfg = Debug|Any CPU
		{E3F7BC4C-C2D3-4DF6-81E1-A5D6A85F5F5C}.Debug|iPhoneSimulator.Build.0 = Debug|Any CPU
		{E3F7BC4C-C2D3-4DF6-81E1-A5D6A85F5F5C}.Debug|x64.ActiveCfg = Debug|Any CPU
		{E3F7BC4C-C2D3-4DF6-81E1-A5D6A85F5F5C}.Debug|x64.Build.0 = Debug|Any CPU
		{E3F7BC4C-C2D3-4DF6-81E1-A5D6A85F5F5C}.Debug|x86.ActiveCfg = Debug|Any CPU
		{E3F7BC4C-C2D3-4DF6-81E1-A5D6A85F5F5C}.Debug|x86.Build.0 = Debug|Any CPU
		{E3F7BC4C-C2D3-4DF6-81E1-A5D6A85F5F5C}.Release|Any CPU.ActiveCfg = Release|Any CPU
		{E3F7BC4C-C2D3-4DF6-81E1-A5D6A85F5F5C}.Release|Any CPU.Build.0 = Release|Any CPU
		{E3F7BC4C-C2D3-4DF6-81E1-A5D6A85F5F5C}.Release|ARM.ActiveCfg = Release|Any CPU
		{E3F7BC4C-C2D3-4DF6-81E1-A5D6A85F5F5C}.Release|ARM.Build.0 = Release|Any CPU
		{E3F7BC4C-C2D3-4DF6-81E1-A5D6A85F5F5C}.Release|iPhone.ActiveCfg = Release|Any CPU
		{E3F7BC4C-C2D3-4DF6-81E1-A5D6A85F5F5C}.Release|iPhone.Build.0 = Release|Any CPU
		{E3F7BC4C-C2D3-4DF6-81E1-A5D6A85F5F5C}.Release|iPhoneSimulator.ActiveCfg = Release|Any CPU
		{E3F7BC4C-C2D3-4DF6-81E1-A5D6A85F5F5C}.Release|iPhoneSimulator.Build.0 = Release|Any CPU
		{E3F7BC4C-C2D3-4DF6-81E1-A5D6A85F5F5C}.Release|x64.ActiveCfg = Release|Any CPU
		{E3F7BC4C-C2D3-4DF6-81E1-A5D6A85F5F5C}.Release|x64.Build.0 = Release|Any CPU
		{E3F7BC4C-C2D3-4DF6-81E1-A5D6A85F5F5C}.Release|x86.ActiveCfg = Release|Any CPU
		{E3F7BC4C-C2D3-4DF6-81E1-A5D6A85F5F5C}.Release|x86.Build.0 = Release|Any CPU
		{56CE8EEF-F7F1-43F4-A3E4-68BE422610C4}.Ad-Hoc|Any CPU.ActiveCfg = Release|Any CPU
		{56CE8EEF-F7F1-43F4-A3E4-68BE422610C4}.Ad-Hoc|Any CPU.Build.0 = Release|Any CPU
		{56CE8EEF-F7F1-43F4-A3E4-68BE422610C4}.Ad-Hoc|Any CPU.Deploy.0 = Release|Any CPU
		{56CE8EEF-F7F1-43F4-A3E4-68BE422610C4}.Ad-Hoc|ARM.ActiveCfg = Release|Any CPU
		{56CE8EEF-F7F1-43F4-A3E4-68BE422610C4}.Ad-Hoc|ARM.Build.0 = Release|Any CPU
		{56CE8EEF-F7F1-43F4-A3E4-68BE422610C4}.Ad-Hoc|ARM.Deploy.0 = Release|Any CPU
		{56CE8EEF-F7F1-43F4-A3E4-68BE422610C4}.Ad-Hoc|iPhone.ActiveCfg = Release|Any CPU
		{56CE8EEF-F7F1-43F4-A3E4-68BE422610C4}.Ad-Hoc|iPhone.Build.0 = Release|Any CPU
		{56CE8EEF-F7F1-43F4-A3E4-68BE422610C4}.Ad-Hoc|iPhone.Deploy.0 = Release|Any CPU
		{56CE8EEF-F7F1-43F4-A3E4-68BE422610C4}.Ad-Hoc|iPhoneSimulator.ActiveCfg = Release|Any CPU
		{56CE8EEF-F7F1-43F4-A3E4-68BE422610C4}.Ad-Hoc|iPhoneSimulator.Build.0 = Release|Any CPU
		{56CE8EEF-F7F1-43F4-A3E4-68BE422610C4}.Ad-Hoc|iPhoneSimulator.Deploy.0 = Release|Any CPU
		{56CE8EEF-F7F1-43F4-A3E4-68BE422610C4}.Ad-Hoc|x64.ActiveCfg = Release|Any CPU
		{56CE8EEF-F7F1-43F4-A3E4-68BE422610C4}.Ad-Hoc|x64.Build.0 = Release|Any CPU
		{56CE8EEF-F7F1-43F4-A3E4-68BE422610C4}.Ad-Hoc|x64.Deploy.0 = Release|Any CPU
		{56CE8EEF-F7F1-43F4-A3E4-68BE422610C4}.Ad-Hoc|x86.ActiveCfg = Release|Any CPU
		{56CE8EEF-F7F1-43F4-A3E4-68BE422610C4}.Ad-Hoc|x86.Build.0 = Release|Any CPU
		{56CE8EEF-F7F1-43F4-A3E4-68BE422610C4}.Ad-Hoc|x86.Deploy.0 = Release|Any CPU
		{56CE8EEF-F7F1-43F4-A3E4-68BE422610C4}.AppStore|Any CPU.ActiveCfg = Release|Any CPU
		{56CE8EEF-F7F1-43F4-A3E4-68BE422610C4}.AppStore|Any CPU.Build.0 = Release|Any CPU
		{56CE8EEF-F7F1-43F4-A3E4-68BE422610C4}.AppStore|Any CPU.Deploy.0 = Release|Any CPU
		{56CE8EEF-F7F1-43F4-A3E4-68BE422610C4}.AppStore|ARM.ActiveCfg = Release|Any CPU
		{56CE8EEF-F7F1-43F4-A3E4-68BE422610C4}.AppStore|ARM.Build.0 = Release|Any CPU
		{56CE8EEF-F7F1-43F4-A3E4-68BE422610C4}.AppStore|ARM.Deploy.0 = Release|Any CPU
		{56CE8EEF-F7F1-43F4-A3E4-68BE422610C4}.AppStore|iPhone.ActiveCfg = Release|Any CPU
		{56CE8EEF-F7F1-43F4-A3E4-68BE422610C4}.AppStore|iPhone.Build.0 = Release|Any CPU
		{56CE8EEF-F7F1-43F4-A3E4-68BE422610C4}.AppStore|iPhone.Deploy.0 = Release|Any CPU
		{56CE8EEF-F7F1-43F4-A3E4-68BE422610C4}.AppStore|iPhoneSimulator.ActiveCfg = Release|Any CPU
		{56CE8EEF-F7F1-43F4-A3E4-68BE422610C4}.AppStore|iPhoneSimulator.Build.0 = Release|Any CPU
		{56CE8EEF-F7F1-43F4-A3E4-68BE422610C4}.AppStore|iPhoneSimulator.Deploy.0 = Release|Any CPU
		{56CE8EEF-F7F1-43F4-A3E4-68BE422610C4}.AppStore|x64.ActiveCfg = Release|Any CPU
		{56CE8EEF-F7F1-43F4-A3E4-68BE422610C4}.AppStore|x64.Build.0 = Release|Any CPU
		{56CE8EEF-F7F1-43F4-A3E4-68BE422610C4}.AppStore|x64.Deploy.0 = Release|Any CPU
		{56CE8EEF-F7F1-43F4-A3E4-68BE422610C4}.AppStore|x86.ActiveCfg = Release|Any CPU
		{56CE8EEF-F7F1-43F4-A3E4-68BE422610C4}.AppStore|x86.Build.0 = Release|Any CPU
		{56CE8EEF-F7F1-43F4-A3E4-68BE422610C4}.AppStore|x86.Deploy.0 = Release|Any CPU
		{56CE8EEF-F7F1-43F4-A3E4-68BE422610C4}.Debug|Any CPU.ActiveCfg = Debug|Any CPU
		{56CE8EEF-F7F1-43F4-A3E4-68BE422610C4}.Debug|Any CPU.Build.0 = Debug|Any CPU
		{56CE8EEF-F7F1-43F4-A3E4-68BE422610C4}.Debug|Any CPU.Deploy.0 = Debug|Any CPU
		{56CE8EEF-F7F1-43F4-A3E4-68BE422610C4}.Debug|ARM.ActiveCfg = Debug|Any CPU
		{56CE8EEF-F7F1-43F4-A3E4-68BE422610C4}.Debug|ARM.Build.0 = Debug|Any CPU
		{56CE8EEF-F7F1-43F4-A3E4-68BE422610C4}.Debug|ARM.Deploy.0 = Debug|Any CPU
		{56CE8EEF-F7F1-43F4-A3E4-68BE422610C4}.Debug|iPhone.ActiveCfg = Debug|Any CPU
		{56CE8EEF-F7F1-43F4-A3E4-68BE422610C4}.Debug|iPhone.Build.0 = Debug|Any CPU
		{56CE8EEF-F7F1-43F4-A3E4-68BE422610C4}.Debug|iPhone.Deploy.0 = Debug|Any CPU
		{56CE8EEF-F7F1-43F4-A3E4-68BE422610C4}.Debug|iPhoneSimulator.ActiveCfg = Debug|Any CPU
		{56CE8EEF-F7F1-43F4-A3E4-68BE422610C4}.Debug|iPhoneSimulator.Build.0 = Debug|Any CPU
		{56CE8EEF-F7F1-43F4-A3E4-68BE422610C4}.Debug|iPhoneSimulator.Deploy.0 = Debug|Any CPU
		{56CE8EEF-F7F1-43F4-A3E4-68BE422610C4}.Debug|x64.ActiveCfg = Debug|Any CPU
		{56CE8EEF-F7F1-43F4-A3E4-68BE422610C4}.Debug|x64.Build.0 = Debug|Any CPU
		{56CE8EEF-F7F1-43F4-A3E4-68BE422610C4}.Debug|x64.Deploy.0 = Debug|Any CPU
		{56CE8EEF-F7F1-43F4-A3E4-68BE422610C4}.Debug|x86.ActiveCfg = Debug|Any CPU
		{56CE8EEF-F7F1-43F4-A3E4-68BE422610C4}.Debug|x86.Build.0 = Debug|Any CPU
		{56CE8EEF-F7F1-43F4-A3E4-68BE422610C4}.Debug|x86.Deploy.0 = Debug|Any CPU
		{56CE8EEF-F7F1-43F4-A3E4-68BE422610C4}.Release|Any CPU.ActiveCfg = Release|Any CPU
		{56CE8EEF-F7F1-43F4-A3E4-68BE422610C4}.Release|Any CPU.Build.0 = Release|Any CPU
		{56CE8EEF-F7F1-43F4-A3E4-68BE422610C4}.Release|Any CPU.Deploy.0 = Release|Any CPU
		{56CE8EEF-F7F1-43F4-A3E4-68BE422610C4}.Release|ARM.ActiveCfg = Release|Any CPU
		{56CE8EEF-F7F1-43F4-A3E4-68BE422610C4}.Release|ARM.Build.0 = Release|Any CPU
		{56CE8EEF-F7F1-43F4-A3E4-68BE422610C4}.Release|ARM.Deploy.0 = Release|Any CPU
		{56CE8EEF-F7F1-43F4-A3E4-68BE422610C4}.Release|iPhone.ActiveCfg = Release|Any CPU
		{56CE8EEF-F7F1-43F4-A3E4-68BE422610C4}.Release|iPhone.Build.0 = Release|Any CPU
		{56CE8EEF-F7F1-43F4-A3E4-68BE422610C4}.Release|iPhone.Deploy.0 = Release|Any CPU
		{56CE8EEF-F7F1-43F4-A3E4-68BE422610C4}.Release|iPhoneSimulator.ActiveCfg = Release|Any CPU
		{56CE8EEF-F7F1-43F4-A3E4-68BE422610C4}.Release|iPhoneSimulator.Build.0 = Release|Any CPU
		{56CE8EEF-F7F1-43F4-A3E4-68BE422610C4}.Release|iPhoneSimulator.Deploy.0 = Release|Any CPU
		{56CE8EEF-F7F1-43F4-A3E4-68BE422610C4}.Release|x64.ActiveCfg = Release|Any CPU
		{56CE8EEF-F7F1-43F4-A3E4-68BE422610C4}.Release|x64.Build.0 = Release|Any CPU
		{56CE8EEF-F7F1-43F4-A3E4-68BE422610C4}.Release|x64.Deploy.0 = Release|Any CPU
		{56CE8EEF-F7F1-43F4-A3E4-68BE422610C4}.Release|x86.ActiveCfg = Release|Any CPU
		{56CE8EEF-F7F1-43F4-A3E4-68BE422610C4}.Release|x86.Build.0 = Release|Any CPU
		{56CE8EEF-F7F1-43F4-A3E4-68BE422610C4}.Release|x86.Deploy.0 = Release|Any CPU
		{DA34FABF-77C2-43CA-9283-C962AA1FD457}.Ad-Hoc|Any CPU.ActiveCfg = Ad-Hoc|iPhone
		{DA34FABF-77C2-43CA-9283-C962AA1FD457}.Ad-Hoc|ARM.ActiveCfg = Ad-Hoc|iPhone
		{DA34FABF-77C2-43CA-9283-C962AA1FD457}.Ad-Hoc|iPhone.ActiveCfg = Ad-Hoc|iPhone
		{DA34FABF-77C2-43CA-9283-C962AA1FD457}.Ad-Hoc|iPhone.Build.0 = Ad-Hoc|iPhone
		{DA34FABF-77C2-43CA-9283-C962AA1FD457}.Ad-Hoc|iPhoneSimulator.ActiveCfg = Ad-Hoc|iPhoneSimulator
		{DA34FABF-77C2-43CA-9283-C962AA1FD457}.Ad-Hoc|iPhoneSimulator.Build.0 = Ad-Hoc|iPhoneSimulator
		{DA34FABF-77C2-43CA-9283-C962AA1FD457}.Ad-Hoc|x64.ActiveCfg = Ad-Hoc|iPhone
		{DA34FABF-77C2-43CA-9283-C962AA1FD457}.Ad-Hoc|x86.ActiveCfg = Ad-Hoc|iPhone
		{DA34FABF-77C2-43CA-9283-C962AA1FD457}.AppStore|Any CPU.ActiveCfg = AppStore|iPhone
		{DA34FABF-77C2-43CA-9283-C962AA1FD457}.AppStore|ARM.ActiveCfg = AppStore|iPhone
		{DA34FABF-77C2-43CA-9283-C962AA1FD457}.AppStore|iPhone.ActiveCfg = AppStore|iPhone
		{DA34FABF-77C2-43CA-9283-C962AA1FD457}.AppStore|iPhone.Build.0 = AppStore|iPhone
		{DA34FABF-77C2-43CA-9283-C962AA1FD457}.AppStore|iPhoneSimulator.ActiveCfg = AppStore|iPhoneSimulator
		{DA34FABF-77C2-43CA-9283-C962AA1FD457}.AppStore|iPhoneSimulator.Build.0 = AppStore|iPhoneSimulator
		{DA34FABF-77C2-43CA-9283-C962AA1FD457}.AppStore|x64.ActiveCfg = AppStore|iPhone
		{DA34FABF-77C2-43CA-9283-C962AA1FD457}.AppStore|x86.ActiveCfg = AppStore|iPhone
		{DA34FABF-77C2-43CA-9283-C962AA1FD457}.Debug|Any CPU.ActiveCfg = Debug|iPhone
		{DA34FABF-77C2-43CA-9283-C962AA1FD457}.Debug|ARM.ActiveCfg = Debug|iPhone
		{DA34FABF-77C2-43CA-9283-C962AA1FD457}.Debug|iPhone.ActiveCfg = Debug|iPhone
		{DA34FABF-77C2-43CA-9283-C962AA1FD457}.Debug|iPhone.Build.0 = Debug|iPhone
		{DA34FABF-77C2-43CA-9283-C962AA1FD457}.Debug|iPhoneSimulator.ActiveCfg = Debug|iPhoneSimulator
		{DA34FABF-77C2-43CA-9283-C962AA1FD457}.Debug|iPhoneSimulator.Build.0 = Debug|iPhoneSimulator
		{DA34FABF-77C2-43CA-9283-C962AA1FD457}.Debug|x64.ActiveCfg = Debug|iPhone
		{DA34FABF-77C2-43CA-9283-C962AA1FD457}.Debug|x86.ActiveCfg = Debug|iPhone
		{DA34FABF-77C2-43CA-9283-C962AA1FD457}.Release|Any CPU.ActiveCfg = Release|iPhone
		{DA34FABF-77C2-43CA-9283-C962AA1FD457}.Release|ARM.ActiveCfg = Release|iPhone
		{DA34FABF-77C2-43CA-9283-C962AA1FD457}.Release|iPhone.ActiveCfg = Release|iPhone
		{DA34FABF-77C2-43CA-9283-C962AA1FD457}.Release|iPhone.Build.0 = Release|iPhone
		{DA34FABF-77C2-43CA-9283-C962AA1FD457}.Release|iPhoneSimulator.ActiveCfg = Release|iPhoneSimulator
		{DA34FABF-77C2-43CA-9283-C962AA1FD457}.Release|iPhoneSimulator.Build.0 = Release|iPhoneSimulator
		{DA34FABF-77C2-43CA-9283-C962AA1FD457}.Release|x64.ActiveCfg = Release|iPhone
		{DA34FABF-77C2-43CA-9283-C962AA1FD457}.Release|x86.ActiveCfg = Release|iPhone
		{98633D4A-1073-47DC-B999-322DE17FAC96}.Ad-Hoc|Any CPU.ActiveCfg = Release|Any CPU
		{98633D4A-1073-47DC-B999-322DE17FAC96}.Ad-Hoc|Any CPU.Build.0 = Release|Any CPU
		{98633D4A-1073-47DC-B999-322DE17FAC96}.Ad-Hoc|Any CPU.Deploy.0 = Release|Any CPU
		{98633D4A-1073-47DC-B999-322DE17FAC96}.Ad-Hoc|ARM.ActiveCfg = Release|ARM
		{98633D4A-1073-47DC-B999-322DE17FAC96}.Ad-Hoc|ARM.Build.0 = Release|ARM
		{98633D4A-1073-47DC-B999-322DE17FAC96}.Ad-Hoc|ARM.Deploy.0 = Release|ARM
		{98633D4A-1073-47DC-B999-322DE17FAC96}.Ad-Hoc|iPhone.ActiveCfg = Release|Any CPU
		{98633D4A-1073-47DC-B999-322DE17FAC96}.Ad-Hoc|iPhone.Build.0 = Release|Any CPU
		{98633D4A-1073-47DC-B999-322DE17FAC96}.Ad-Hoc|iPhone.Deploy.0 = Release|Any CPU
		{98633D4A-1073-47DC-B999-322DE17FAC96}.Ad-Hoc|iPhoneSimulator.ActiveCfg = Release|Any CPU
		{98633D4A-1073-47DC-B999-322DE17FAC96}.Ad-Hoc|iPhoneSimulator.Build.0 = Release|Any CPU
		{98633D4A-1073-47DC-B999-322DE17FAC96}.Ad-Hoc|iPhoneSimulator.Deploy.0 = Release|Any CPU
		{98633D4A-1073-47DC-B999-322DE17FAC96}.Ad-Hoc|x64.ActiveCfg = Release|Any CPU
		{98633D4A-1073-47DC-B999-322DE17FAC96}.Ad-Hoc|x64.Build.0 = Release|Any CPU
		{98633D4A-1073-47DC-B999-322DE17FAC96}.Ad-Hoc|x64.Deploy.0 = Release|Any CPU
		{98633D4A-1073-47DC-B999-322DE17FAC96}.Ad-Hoc|x86.ActiveCfg = Release|x86
		{98633D4A-1073-47DC-B999-322DE17FAC96}.Ad-Hoc|x86.Build.0 = Release|x86
		{98633D4A-1073-47DC-B999-322DE17FAC96}.Ad-Hoc|x86.Deploy.0 = Release|x86
		{98633D4A-1073-47DC-B999-322DE17FAC96}.AppStore|Any CPU.ActiveCfg = Release|Any CPU
		{98633D4A-1073-47DC-B999-322DE17FAC96}.AppStore|Any CPU.Build.0 = Release|Any CPU
		{98633D4A-1073-47DC-B999-322DE17FAC96}.AppStore|Any CPU.Deploy.0 = Release|Any CPU
		{98633D4A-1073-47DC-B999-322DE17FAC96}.AppStore|ARM.ActiveCfg = Release|ARM
		{98633D4A-1073-47DC-B999-322DE17FAC96}.AppStore|ARM.Build.0 = Release|ARM
		{98633D4A-1073-47DC-B999-322DE17FAC96}.AppStore|ARM.Deploy.0 = Release|ARM
		{98633D4A-1073-47DC-B999-322DE17FAC96}.AppStore|iPhone.ActiveCfg = Release|Any CPU
		{98633D4A-1073-47DC-B999-322DE17FAC96}.AppStore|iPhone.Build.0 = Release|Any CPU
		{98633D4A-1073-47DC-B999-322DE17FAC96}.AppStore|iPhone.Deploy.0 = Release|Any CPU
		{98633D4A-1073-47DC-B999-322DE17FAC96}.AppStore|iPhoneSimulator.ActiveCfg = Release|Any CPU
		{98633D4A-1073-47DC-B999-322DE17FAC96}.AppStore|iPhoneSimulator.Build.0 = Release|Any CPU
		{98633D4A-1073-47DC-B999-322DE17FAC96}.AppStore|iPhoneSimulator.Deploy.0 = Release|Any CPU
		{98633D4A-1073-47DC-B999-322DE17FAC96}.AppStore|x64.ActiveCfg = Release|Any CPU
		{98633D4A-1073-47DC-B999-322DE17FAC96}.AppStore|x64.Build.0 = Release|Any CPU
		{98633D4A-1073-47DC-B999-322DE17FAC96}.AppStore|x64.Deploy.0 = Release|Any CPU
		{98633D4A-1073-47DC-B999-322DE17FAC96}.AppStore|x86.ActiveCfg = Release|x86
		{98633D4A-1073-47DC-B999-322DE17FAC96}.AppStore|x86.Build.0 = Release|x86
		{98633D4A-1073-47DC-B999-322DE17FAC96}.AppStore|x86.Deploy.0 = Release|x86
		{98633D4A-1073-47DC-B999-322DE17FAC96}.Debug|Any CPU.ActiveCfg = Debug|Any CPU
		{98633D4A-1073-47DC-B999-322DE17FAC96}.Debug|Any CPU.Build.0 = Debug|Any CPU
		{98633D4A-1073-47DC-B999-322DE17FAC96}.Debug|Any CPU.Deploy.0 = Debug|Any CPU
		{98633D4A-1073-47DC-B999-322DE17FAC96}.Debug|ARM.ActiveCfg = Debug|ARM
		{98633D4A-1073-47DC-B999-322DE17FAC96}.Debug|ARM.Build.0 = Debug|ARM
		{98633D4A-1073-47DC-B999-322DE17FAC96}.Debug|ARM.Deploy.0 = Debug|ARM
		{98633D4A-1073-47DC-B999-322DE17FAC96}.Debug|iPhone.ActiveCfg = Debug|Any CPU
		{98633D4A-1073-47DC-B999-322DE17FAC96}.Debug|iPhone.Build.0 = Debug|Any CPU
		{98633D4A-1073-47DC-B999-322DE17FAC96}.Debug|iPhone.Deploy.0 = Debug|Any CPU
		{98633D4A-1073-47DC-B999-322DE17FAC96}.Debug|iPhoneSimulator.ActiveCfg = Debug|Any CPU
		{98633D4A-1073-47DC-B999-322DE17FAC96}.Debug|iPhoneSimulator.Build.0 = Debug|Any CPU
		{98633D4A-1073-47DC-B999-322DE17FAC96}.Debug|iPhoneSimulator.Deploy.0 = Debug|Any CPU
		{98633D4A-1073-47DC-B999-322DE17FAC96}.Debug|x64.ActiveCfg = Debug|Any CPU
		{98633D4A-1073-47DC-B999-322DE17FAC96}.Debug|x64.Build.0 = Debug|Any CPU
		{98633D4A-1073-47DC-B999-322DE17FAC96}.Debug|x64.Deploy.0 = Debug|Any CPU
		{98633D4A-1073-47DC-B999-322DE17FAC96}.Debug|x86.ActiveCfg = Debug|x86
		{98633D4A-1073-47DC-B999-322DE17FAC96}.Debug|x86.Build.0 = Debug|x86
		{98633D4A-1073-47DC-B999-322DE17FAC96}.Debug|x86.Deploy.0 = Debug|x86
		{98633D4A-1073-47DC-B999-322DE17FAC96}.Release|Any CPU.ActiveCfg = Release|Any CPU
		{98633D4A-1073-47DC-B999-322DE17FAC96}.Release|Any CPU.Build.0 = Release|Any CPU
		{98633D4A-1073-47DC-B999-322DE17FAC96}.Release|Any CPU.Deploy.0 = Release|Any CPU
		{98633D4A-1073-47DC-B999-322DE17FAC96}.Release|ARM.ActiveCfg = Release|ARM
		{98633D4A-1073-47DC-B999-322DE17FAC96}.Release|ARM.Build.0 = Release|ARM
		{98633D4A-1073-47DC-B999-322DE17FAC96}.Release|ARM.Deploy.0 = Release|ARM
		{98633D4A-1073-47DC-B999-322DE17FAC96}.Release|iPhone.ActiveCfg = Release|Any CPU
		{98633D4A-1073-47DC-B999-322DE17FAC96}.Release|iPhone.Build.0 = Release|Any CPU
		{98633D4A-1073-47DC-B999-322DE17FAC96}.Release|iPhone.Deploy.0 = Release|Any CPU
		{98633D4A-1073-47DC-B999-322DE17FAC96}.Release|iPhoneSimulator.ActiveCfg = Release|Any CPU
		{98633D4A-1073-47DC-B999-322DE17FAC96}.Release|iPhoneSimulator.Build.0 = Release|Any CPU
		{98633D4A-1073-47DC-B999-322DE17FAC96}.Release|iPhoneSimulator.Deploy.0 = Release|Any CPU
		{98633D4A-1073-47DC-B999-322DE17FAC96}.Release|x64.ActiveCfg = Release|Any CPU
		{98633D4A-1073-47DC-B999-322DE17FAC96}.Release|x64.Build.0 = Release|Any CPU
		{98633D4A-1073-47DC-B999-322DE17FAC96}.Release|x64.Deploy.0 = Release|Any CPU
		{98633D4A-1073-47DC-B999-322DE17FAC96}.Release|x86.ActiveCfg = Release|x86
		{98633D4A-1073-47DC-B999-322DE17FAC96}.Release|x86.Build.0 = Release|x86
		{98633D4A-1073-47DC-B999-322DE17FAC96}.Release|x86.Deploy.0 = Release|x86
		{940DCF75-6887-4A8C-8C1F-2CC6CAEA9FBC}.Ad-Hoc|Any CPU.ActiveCfg = Release|x86
		{940DCF75-6887-4A8C-8C1F-2CC6CAEA9FBC}.Ad-Hoc|Any CPU.Build.0 = Release|x86
		{940DCF75-6887-4A8C-8C1F-2CC6CAEA9FBC}.Ad-Hoc|Any CPU.Deploy.0 = Release|x86
		{940DCF75-6887-4A8C-8C1F-2CC6CAEA9FBC}.Ad-Hoc|ARM.ActiveCfg = Release|ARM
		{940DCF75-6887-4A8C-8C1F-2CC6CAEA9FBC}.Ad-Hoc|ARM.Build.0 = Release|ARM
		{940DCF75-6887-4A8C-8C1F-2CC6CAEA9FBC}.Ad-Hoc|ARM.Deploy.0 = Release|ARM
		{940DCF75-6887-4A8C-8C1F-2CC6CAEA9FBC}.Ad-Hoc|iPhone.ActiveCfg = Release|x86
		{940DCF75-6887-4A8C-8C1F-2CC6CAEA9FBC}.Ad-Hoc|iPhone.Build.0 = Release|x86
		{940DCF75-6887-4A8C-8C1F-2CC6CAEA9FBC}.Ad-Hoc|iPhone.Deploy.0 = Release|x86
		{940DCF75-6887-4A8C-8C1F-2CC6CAEA9FBC}.Ad-Hoc|iPhoneSimulator.ActiveCfg = Release|x86
		{940DCF75-6887-4A8C-8C1F-2CC6CAEA9FBC}.Ad-Hoc|iPhoneSimulator.Build.0 = Release|x86
		{940DCF75-6887-4A8C-8C1F-2CC6CAEA9FBC}.Ad-Hoc|iPhoneSimulator.Deploy.0 = Release|x86
		{940DCF75-6887-4A8C-8C1F-2CC6CAEA9FBC}.Ad-Hoc|x64.ActiveCfg = Release|x64
		{940DCF75-6887-4A8C-8C1F-2CC6CAEA9FBC}.Ad-Hoc|x64.Build.0 = Release|x64
		{940DCF75-6887-4A8C-8C1F-2CC6CAEA9FBC}.Ad-Hoc|x64.Deploy.0 = Release|x64
		{940DCF75-6887-4A8C-8C1F-2CC6CAEA9FBC}.Ad-Hoc|x86.ActiveCfg = Release|x86
		{940DCF75-6887-4A8C-8C1F-2CC6CAEA9FBC}.Ad-Hoc|x86.Build.0 = Release|x86
		{940DCF75-6887-4A8C-8C1F-2CC6CAEA9FBC}.Ad-Hoc|x86.Deploy.0 = Release|x86
		{940DCF75-6887-4A8C-8C1F-2CC6CAEA9FBC}.AppStore|Any CPU.ActiveCfg = Release|x86
		{940DCF75-6887-4A8C-8C1F-2CC6CAEA9FBC}.AppStore|Any CPU.Build.0 = Release|x86
		{940DCF75-6887-4A8C-8C1F-2CC6CAEA9FBC}.AppStore|Any CPU.Deploy.0 = Release|x86
		{940DCF75-6887-4A8C-8C1F-2CC6CAEA9FBC}.AppStore|ARM.ActiveCfg = Release|ARM
		{940DCF75-6887-4A8C-8C1F-2CC6CAEA9FBC}.AppStore|ARM.Build.0 = Release|ARM
		{940DCF75-6887-4A8C-8C1F-2CC6CAEA9FBC}.AppStore|ARM.Deploy.0 = Release|ARM
		{940DCF75-6887-4A8C-8C1F-2CC6CAEA9FBC}.AppStore|iPhone.ActiveCfg = Release|x86
		{940DCF75-6887-4A8C-8C1F-2CC6CAEA9FBC}.AppStore|iPhone.Build.0 = Release|x86
		{940DCF75-6887-4A8C-8C1F-2CC6CAEA9FBC}.AppStore|iPhone.Deploy.0 = Release|x86
		{940DCF75-6887-4A8C-8C1F-2CC6CAEA9FBC}.AppStore|iPhoneSimulator.ActiveCfg = Release|x86
		{940DCF75-6887-4A8C-8C1F-2CC6CAEA9FBC}.AppStore|iPhoneSimulator.Build.0 = Release|x86
		{940DCF75-6887-4A8C-8C1F-2CC6CAEA9FBC}.AppStore|iPhoneSimulator.Deploy.0 = Release|x86
		{940DCF75-6887-4A8C-8C1F-2CC6CAEA9FBC}.AppStore|x64.ActiveCfg = Release|x64
		{940DCF75-6887-4A8C-8C1F-2CC6CAEA9FBC}.AppStore|x64.Build.0 = Release|x64
		{940DCF75-6887-4A8C-8C1F-2CC6CAEA9FBC}.AppStore|x64.Deploy.0 = Release|x64
		{940DCF75-6887-4A8C-8C1F-2CC6CAEA9FBC}.AppStore|x86.ActiveCfg = Release|x86
		{940DCF75-6887-4A8C-8C1F-2CC6CAEA9FBC}.AppStore|x86.Build.0 = Release|x86
		{940DCF75-6887-4A8C-8C1F-2CC6CAEA9FBC}.AppStore|x86.Deploy.0 = Release|x86
		{940DCF75-6887-4A8C-8C1F-2CC6CAEA9FBC}.Debug|Any CPU.ActiveCfg = Debug|x86
		{940DCF75-6887-4A8C-8C1F-2CC6CAEA9FBC}.Debug|ARM.ActiveCfg = Debug|ARM
		{940DCF75-6887-4A8C-8C1F-2CC6CAEA9FBC}.Debug|ARM.Build.0 = Debug|ARM
		{940DCF75-6887-4A8C-8C1F-2CC6CAEA9FBC}.Debug|ARM.Deploy.0 = Debug|ARM
		{940DCF75-6887-4A8C-8C1F-2CC6CAEA9FBC}.Debug|iPhone.ActiveCfg = Debug|x86
		{940DCF75-6887-4A8C-8C1F-2CC6CAEA9FBC}.Debug|iPhoneSimulator.ActiveCfg = Debug|x86
		{940DCF75-6887-4A8C-8C1F-2CC6CAEA9FBC}.Debug|x64.ActiveCfg = Debug|x64
		{940DCF75-6887-4A8C-8C1F-2CC6CAEA9FBC}.Debug|x64.Build.0 = Debug|x64
		{940DCF75-6887-4A8C-8C1F-2CC6CAEA9FBC}.Debug|x64.Deploy.0 = Debug|x64
		{940DCF75-6887-4A8C-8C1F-2CC6CAEA9FBC}.Debug|x86.ActiveCfg = Debug|x86
		{940DCF75-6887-4A8C-8C1F-2CC6CAEA9FBC}.Debug|x86.Build.0 = Debug|x86
		{940DCF75-6887-4A8C-8C1F-2CC6CAEA9FBC}.Debug|x86.Deploy.0 = Debug|x86
		{940DCF75-6887-4A8C-8C1F-2CC6CAEA9FBC}.Release|Any CPU.ActiveCfg = Release|x86
		{940DCF75-6887-4A8C-8C1F-2CC6CAEA9FBC}.Release|ARM.ActiveCfg = Release|ARM
		{940DCF75-6887-4A8C-8C1F-2CC6CAEA9FBC}.Release|ARM.Build.0 = Release|ARM
		{940DCF75-6887-4A8C-8C1F-2CC6CAEA9FBC}.Release|ARM.Deploy.0 = Release|ARM
		{940DCF75-6887-4A8C-8C1F-2CC6CAEA9FBC}.Release|iPhone.ActiveCfg = Release|x86
		{940DCF75-6887-4A8C-8C1F-2CC6CAEA9FBC}.Release|iPhoneSimulator.ActiveCfg = Release|x86
		{940DCF75-6887-4A8C-8C1F-2CC6CAEA9FBC}.Release|x64.ActiveCfg = Release|x64
		{940DCF75-6887-4A8C-8C1F-2CC6CAEA9FBC}.Release|x64.Build.0 = Release|x64
		{940DCF75-6887-4A8C-8C1F-2CC6CAEA9FBC}.Release|x64.Deploy.0 = Release|x64
		{940DCF75-6887-4A8C-8C1F-2CC6CAEA9FBC}.Release|x86.ActiveCfg = Release|x86
		{940DCF75-6887-4A8C-8C1F-2CC6CAEA9FBC}.Release|x86.Build.0 = Release|x86
		{940DCF75-6887-4A8C-8C1F-2CC6CAEA9FBC}.Release|x86.Deploy.0 = Release|x86
		{07EF427E-204A-434E-B4ED-A0EB6114F481}.Ad-Hoc|Any CPU.ActiveCfg = Release|Any CPU
		{07EF427E-204A-434E-B4ED-A0EB6114F481}.Ad-Hoc|Any CPU.Build.0 = Release|Any CPU
		{07EF427E-204A-434E-B4ED-A0EB6114F481}.Ad-Hoc|Any CPU.Deploy.0 = Release|Any CPU
		{07EF427E-204A-434E-B4ED-A0EB6114F481}.Ad-Hoc|ARM.ActiveCfg = Release|ARM
		{07EF427E-204A-434E-B4ED-A0EB6114F481}.Ad-Hoc|ARM.Build.0 = Release|ARM
		{07EF427E-204A-434E-B4ED-A0EB6114F481}.Ad-Hoc|ARM.Deploy.0 = Release|ARM
		{07EF427E-204A-434E-B4ED-A0EB6114F481}.Ad-Hoc|iPhone.ActiveCfg = Release|Any CPU
		{07EF427E-204A-434E-B4ED-A0EB6114F481}.Ad-Hoc|iPhone.Build.0 = Release|Any CPU
		{07EF427E-204A-434E-B4ED-A0EB6114F481}.Ad-Hoc|iPhone.Deploy.0 = Release|Any CPU
		{07EF427E-204A-434E-B4ED-A0EB6114F481}.Ad-Hoc|iPhoneSimulator.ActiveCfg = Release|Any CPU
		{07EF427E-204A-434E-B4ED-A0EB6114F481}.Ad-Hoc|iPhoneSimulator.Build.0 = Release|Any CPU
		{07EF427E-204A-434E-B4ED-A0EB6114F481}.Ad-Hoc|iPhoneSimulator.Deploy.0 = Release|Any CPU
		{07EF427E-204A-434E-B4ED-A0EB6114F481}.Ad-Hoc|x64.ActiveCfg = Release|x64
		{07EF427E-204A-434E-B4ED-A0EB6114F481}.Ad-Hoc|x64.Build.0 = Release|x64
		{07EF427E-204A-434E-B4ED-A0EB6114F481}.Ad-Hoc|x64.Deploy.0 = Release|x64
		{07EF427E-204A-434E-B4ED-A0EB6114F481}.Ad-Hoc|x86.ActiveCfg = Release|x86
		{07EF427E-204A-434E-B4ED-A0EB6114F481}.Ad-Hoc|x86.Build.0 = Release|x86
		{07EF427E-204A-434E-B4ED-A0EB6114F481}.Ad-Hoc|x86.Deploy.0 = Release|x86
		{07EF427E-204A-434E-B4ED-A0EB6114F481}.AppStore|Any CPU.ActiveCfg = Release|Any CPU
		{07EF427E-204A-434E-B4ED-A0EB6114F481}.AppStore|Any CPU.Build.0 = Release|Any CPU
		{07EF427E-204A-434E-B4ED-A0EB6114F481}.AppStore|Any CPU.Deploy.0 = Release|Any CPU
		{07EF427E-204A-434E-B4ED-A0EB6114F481}.AppStore|ARM.ActiveCfg = Release|ARM
		{07EF427E-204A-434E-B4ED-A0EB6114F481}.AppStore|ARM.Build.0 = Release|ARM
		{07EF427E-204A-434E-B4ED-A0EB6114F481}.AppStore|ARM.Deploy.0 = Release|ARM
		{07EF427E-204A-434E-B4ED-A0EB6114F481}.AppStore|iPhone.ActiveCfg = Release|Any CPU
		{07EF427E-204A-434E-B4ED-A0EB6114F481}.AppStore|iPhone.Build.0 = Release|Any CPU
		{07EF427E-204A-434E-B4ED-A0EB6114F481}.AppStore|iPhone.Deploy.0 = Release|Any CPU
		{07EF427E-204A-434E-B4ED-A0EB6114F481}.AppStore|iPhoneSimulator.ActiveCfg = Release|Any CPU
		{07EF427E-204A-434E-B4ED-A0EB6114F481}.AppStore|iPhoneSimulator.Build.0 = Release|Any CPU
		{07EF427E-204A-434E-B4ED-A0EB6114F481}.AppStore|iPhoneSimulator.Deploy.0 = Release|Any CPU
		{07EF427E-204A-434E-B4ED-A0EB6114F481}.AppStore|x64.ActiveCfg = Release|x64
		{07EF427E-204A-434E-B4ED-A0EB6114F481}.AppStore|x64.Build.0 = Release|x64
		{07EF427E-204A-434E-B4ED-A0EB6114F481}.AppStore|x64.Deploy.0 = Release|x64
		{07EF427E-204A-434E-B4ED-A0EB6114F481}.AppStore|x86.ActiveCfg = Release|x86
		{07EF427E-204A-434E-B4ED-A0EB6114F481}.AppStore|x86.Build.0 = Release|x86
		{07EF427E-204A-434E-B4ED-A0EB6114F481}.AppStore|x86.Deploy.0 = Release|x86
		{07EF427E-204A-434E-B4ED-A0EB6114F481}.Debug|Any CPU.ActiveCfg = Debug|Any CPU
		{07EF427E-204A-434E-B4ED-A0EB6114F481}.Debug|Any CPU.Build.0 = Debug|Any CPU
		{07EF427E-204A-434E-B4ED-A0EB6114F481}.Debug|Any CPU.Deploy.0 = Debug|Any CPU
		{07EF427E-204A-434E-B4ED-A0EB6114F481}.Debug|ARM.ActiveCfg = Debug|ARM
		{07EF427E-204A-434E-B4ED-A0EB6114F481}.Debug|ARM.Build.0 = Debug|ARM
		{07EF427E-204A-434E-B4ED-A0EB6114F481}.Debug|ARM.Deploy.0 = Debug|ARM
		{07EF427E-204A-434E-B4ED-A0EB6114F481}.Debug|iPhone.ActiveCfg = Debug|Any CPU
		{07EF427E-204A-434E-B4ED-A0EB6114F481}.Debug|iPhone.Build.0 = Debug|Any CPU
		{07EF427E-204A-434E-B4ED-A0EB6114F481}.Debug|iPhone.Deploy.0 = Debug|Any CPU
		{07EF427E-204A-434E-B4ED-A0EB6114F481}.Debug|iPhoneSimulator.ActiveCfg = Debug|Any CPU
		{07EF427E-204A-434E-B4ED-A0EB6114F481}.Debug|iPhoneSimulator.Build.0 = Debug|Any CPU
		{07EF427E-204A-434E-B4ED-A0EB6114F481}.Debug|iPhoneSimulator.Deploy.0 = Debug|Any CPU
		{07EF427E-204A-434E-B4ED-A0EB6114F481}.Debug|x64.ActiveCfg = Debug|x64
		{07EF427E-204A-434E-B4ED-A0EB6114F481}.Debug|x64.Build.0 = Debug|x64
		{07EF427E-204A-434E-B4ED-A0EB6114F481}.Debug|x64.Deploy.0 = Debug|x64
		{07EF427E-204A-434E-B4ED-A0EB6114F481}.Debug|x86.ActiveCfg = Debug|x86
		{07EF427E-204A-434E-B4ED-A0EB6114F481}.Debug|x86.Build.0 = Debug|x86
		{07EF427E-204A-434E-B4ED-A0EB6114F481}.Debug|x86.Deploy.0 = Debug|x86
		{07EF427E-204A-434E-B4ED-A0EB6114F481}.Release|Any CPU.ActiveCfg = Release|Any CPU
		{07EF427E-204A-434E-B4ED-A0EB6114F481}.Release|Any CPU.Build.0 = Release|Any CPU
		{07EF427E-204A-434E-B4ED-A0EB6114F481}.Release|Any CPU.Deploy.0 = Release|Any CPU
		{07EF427E-204A-434E-B4ED-A0EB6114F481}.Release|ARM.ActiveCfg = Release|ARM
		{07EF427E-204A-434E-B4ED-A0EB6114F481}.Release|ARM.Build.0 = Release|ARM
		{07EF427E-204A-434E-B4ED-A0EB6114F481}.Release|ARM.Deploy.0 = Release|ARM
		{07EF427E-204A-434E-B4ED-A0EB6114F481}.Release|iPhone.ActiveCfg = Release|Any CPU
		{07EF427E-204A-434E-B4ED-A0EB6114F481}.Release|iPhone.Build.0 = Release|Any CPU
		{07EF427E-204A-434E-B4ED-A0EB6114F481}.Release|iPhone.Deploy.0 = Release|Any CPU
		{07EF427E-204A-434E-B4ED-A0EB6114F481}.Release|iPhoneSimulator.ActiveCfg = Release|Any CPU
		{07EF427E-204A-434E-B4ED-A0EB6114F481}.Release|iPhoneSimulator.Build.0 = Release|Any CPU
		{07EF427E-204A-434E-B4ED-A0EB6114F481}.Release|iPhoneSimulator.Deploy.0 = Release|Any CPU
		{07EF427E-204A-434E-B4ED-A0EB6114F481}.Release|x64.ActiveCfg = Release|x64
		{07EF427E-204A-434E-B4ED-A0EB6114F481}.Release|x64.Build.0 = Release|x64
		{07EF427E-204A-434E-B4ED-A0EB6114F481}.Release|x64.Deploy.0 = Release|x64
		{07EF427E-204A-434E-B4ED-A0EB6114F481}.Release|x86.ActiveCfg = Release|x86
		{07EF427E-204A-434E-B4ED-A0EB6114F481}.Release|x86.Build.0 = Release|x86
		{07EF427E-204A-434E-B4ED-A0EB6114F481}.Release|x86.Deploy.0 = Release|x86
	EndGlobalSection
	GlobalSection(SolutionProperties) = preSolution
		HideSolutionNode = FALSE
	EndGlobalSection
EndGlobal
